
Microsoft Visual Studio Solution File, Format Version 11.00
# Visual Studio 2010
Project("{8BC9CEB8-8B4A-11D0-8D11-00A0C91BC942}") = "000_ftp", "000_ftp\000_ftp.vcxproj", "{A30585FE-5FC3-44FE-875C-8CD54C8134C9}"
EndProject
Project("{8BC9CEB8-8B4A-11D0-8D11-00A0C91BC942}") = "001_ftp", "001_ftp\001_ftp.vcxproj", "{8FA2FDA4-A743-4425-B4D8-11266E03B1E0}"
EndProject
Project("{8BC9CEB8-8B4A-11D0-8D11-00A0C91BC942}") = "subst", "subst\subst.vcxproj", "{AB78185F-0AF8-4E91-A333-B6643DA40C6C}"
EndProject
Global
	GlobalSection(SolutionConfigurationPlatforms) = preSolution
		Debug|Win32 = Debug|Win32
		Release|Win32 = Release|Win32
	EndGlobalSection
	GlobalSection(ProjectConfigurationPlatforms) = postSolution
		{A30585FE-5FC3-44FE-875C-8CD54C8134C9}.Debug|Win32.ActiveCfg = Debug|Win32
		{A30585FE-5FC3-44FE-875C-8CD54C8134C9}.Debug|Win32.Build.0 = Debug|Win32
		{A30585FE-5FC3-44FE-875C-8CD54C8134C9}.Release|Win32.ActiveCfg = Release|Win32
		{A30585FE-5FC3-44FE-875C-8CD54C8134C9}.Release|Win32.Build.0 = Release|Win32
		{8FA2FDA4-A743-4425-B4D8-11266E03B1E0}.Debug|Win32.ActiveCfg = Debug|Win32
		{8FA2FDA4-A743-4425-B4D8-11266E03B1E0}.Debug|Win32.Build.0 = Debug|Win32
		{8FA2FDA4-A743-4425-B4D8-11266E03B1E0}.Release|Win32.ActiveCfg = Release|Win32
		{8FA2FDA4-A743-4425-B4D8-11266E03B1E0}.Release|Win32.Build.0 = Release|Win32
		{AB78185F-0AF8-4E91-A333-B6643DA40C6C}.Debug|Win32.ActiveCfg = Debug|Win32
		{AB78185F-0AF8-4E91-A333-B6643DA40C6C}.Debug|Win32.Build.0 = Debug|Win32
		{AB78185F-0AF8-4E91-A333-B6643DA40C6C}.Release|Win32.ActiveCfg = Release|Win32
		{AB78185F-0AF8-4E91-A333-B6643DA40C6C}.Release|Win32.Build.0 = Release|Win32
	EndGlobalSection
	GlobalSection(SolutionProperties) = preSolution
		HideSolutionNode = FALSE
	EndGlobalSection
EndGlobal
